// !$*UTF8*$!
{
	archiveVersion = 1;
	classes = {
	};
	objectVersion = 55;
	objects = {

/* Begin PBXBuildFile section */
		8F0E4A872876D20E00FB46FB /* CMTime + Extension.swift in Sources */ = {isa = PBXBuildFile; fileRef = 8F0E4A862876D20E00FB46FB /* CMTime + Extension.swift */; };
		8F0E4A8928770B8C00FB46FB /* Nib.swift in Sources */ = {isa = PBXBuildFile; fileRef = 8F0E4A8828770B8C00FB46FB /* Nib.swift */; };
		8F0E4A8B2877200600FB46FB /* TrackDetailView.xib in Resources */ = {isa = PBXBuildFile; fileRef = 8F0E4A8A2877200600FB46FB /* TrackDetailView.xib */; };
		8F2B3FC02875813700206732 /* SDWebImage in Frameworks */ = {isa = PBXBuildFile; productRef = 8F2B3FBF2875813700206732 /* SDWebImage */; };
		8F2B3FC22875813700206732 /* SDWebImageMapKit in Frameworks */ = {isa = PBXBuildFile; productRef = 8F2B3FC12875813700206732 /* SDWebImageMapKit */; };
		8F2B3FC5287585E700206732 /* FooterView.swift in Sources */ = {isa = PBXBuildFile; fileRef = 8F2B3FC4287585E700206732 /* FooterView.swift */; };
		8F2B3FCA28758EDC00206732 /* TrackDetailView.swift in Sources */ = {isa = PBXBuildFile; fileRef = 8F2B3FC928758EDC00206732 /* TrackDetailView.swift */; };
		8F2E6D61286EEB36006B4777 /* Alamofire in Frameworks */ = {isa = PBXBuildFile; productRef = 8F2E6D60286EEB36006B4777 /* Alamofire */; };
		8F2E6D63286F004D006B4777 /* SearchResponse.swift in Sources */ = {isa = PBXBuildFile; fileRef = 8F2E6D62286F004D006B4777 /* SearchResponse.swift */; };
		8F4649C8287733D2009B95ED /* Library.swift in Sources */ = {isa = PBXBuildFile; fileRef = 8F4649C7287733D2009B95ED /* Library.swift */; };
		8F4649CB28773425009B95ED /* URLImage in Frameworks */ = {isa = PBXBuildFile; productRef = 8F4649CA28773425009B95ED /* URLImage */; };
		8F4649CD287739DB009B95ED /* UserDefaults.swift in Sources */ = {isa = PBXBuildFile; fileRef = 8F4649CC287739DB009B95ED /* UserDefaults.swift */; };
		8F768710286CE63B00CB082D /* AppDelegate.swift in Sources */ = {isa = PBXBuildFile; fileRef = 8F76870F286CE63B00CB082D /* AppDelegate.swift */; };
		8F768712286CE63B00CB082D /* SceneDelegate.swift in Sources */ = {isa = PBXBuildFile; fileRef = 8F768711286CE63B00CB082D /* SceneDelegate.swift */; };
		8F768714286CE63B00CB082D /* ViewController.swift in Sources */ = {isa = PBXBuildFile; fileRef = 8F768713286CE63B00CB082D /* ViewController.swift */; };
		8F768717286CE63B00CB082D /* Main.storyboard in Resources */ = {isa = PBXBuildFile; fileRef = 8F768715286CE63B00CB082D /* Main.storyboard */; };
		8F768719286CE63D00CB082D /* Assets.xcassets in Resources */ = {isa = PBXBuildFile; fileRef = 8F768718286CE63D00CB082D /* Assets.xcassets */; };
		8F76871C286CE63D00CB082D /* LaunchScreen.storyboard in Resources */ = {isa = PBXBuildFile; fileRef = 8F76871A286CE63D00CB082D /* LaunchScreen.storyboard */; };
		8F768724286CE7C600CB082D /* MainTabBarController.swift in Sources */ = {isa = PBXBuildFile; fileRef = 8F768723286CE7C600CB082D /* MainTabBarController.swift */; };
		8F768726286CEB0100CB082D /* SearchMusicViewController.swift in Sources */ = {isa = PBXBuildFile; fileRef = 8F768725286CEB0100CB082D /* SearchMusicViewController.swift */; };
		8FD04A5E2874B73300EC6481 /* NetworkService.swift in Sources */ = {isa = PBXBuildFile; fileRef = 8FD04A5D2874B73300EC6481 /* NetworkService.swift */; };
		8FE1F9422874C22700D6B295 /* SearchPresenter.swift in Sources */ = {isa = PBXBuildFile; fileRef = 8FE1F93B2874C22700D6B295 /* SearchPresenter.swift */; };
		8FE1F9432874C22700D6B295 /* SearchWorker.swift in Sources */ = {isa = PBXBuildFile; fileRef = 8FE1F93C2874C22700D6B295 /* SearchWorker.swift */; };
		8FE1F9442874C22700D6B295 /* SearchRouter.swift in Sources */ = {isa = PBXBuildFile; fileRef = 8FE1F93D2874C22700D6B295 /* SearchRouter.swift */; };
		8FE1F9452874C22700D6B295 /* SearchModels.swift in Sources */ = {isa = PBXBuildFile; fileRef = 8FE1F93E2874C22700D6B295 /* SearchModels.swift */; };
		8FE1F9462874C22700D6B295 /* SearchViewController.swift in Sources */ = {isa = PBXBuildFile; fileRef = 8FE1F93F2874C22700D6B295 /* SearchViewController.swift */; };
		8FE1F9472874C22700D6B295 /* SearchInteractor.swift in Sources */ = {isa = PBXBuildFile; fileRef = 8FE1F9402874C22700D6B295 /* SearchInteractor.swift */; };
		8FE1F94A2874C36F00D6B295 /* SearchViewController.storyboard in Resources */ = {isa = PBXBuildFile; fileRef = 8FE1F9492874C36F00D6B295 /* SearchViewController.storyboard */; };
		8FE1F94C2874C67F00D6B295 /* UIViewController + Storyboard.swift in Sources */ = {isa = PBXBuildFile; fileRef = 8FE1F94B2874C67F00D6B295 /* UIViewController + Storyboard.swift */; };
		8FE1F9502874D7FF00D6B295 /* TrackCell.xib in Resources */ = {isa = PBXBuildFile; fileRef = 8FE1F94F2874D7FF00D6B295 /* TrackCell.xib */; };
		8FE1F9522874D82200D6B295 /* TrackCell.swift in Sources */ = {isa = PBXBuildFile; fileRef = 8FE1F9512874D82200D6B295 /* TrackCell.swift */; };
/* End PBXBuildFile section */

/* Begin PBXFileReference section */
		8F0E4A862876D20E00FB46FB /* CMTime + Extension.swift */ = {isa = PBXFileReference; lastKnownFileType = sourcecode.swift; path = "CMTime + Extension.swift"; sourceTree = "<group>"; };
		8F0E4A8828770B8C00FB46FB /* Nib.swift */ = {isa = PBXFileReference; lastKnownFileType = sourcecode.swift; path = Nib.swift; sourceTree = "<group>"; };
		8F0E4A8A2877200600FB46FB /* TrackDetailView.xib */ = {isa = PBXFileReference; fileEncoding = 4; lastKnownFileType = file.xib; path = TrackDetailView.xib; sourceTree = "<group>"; };
		8F2B3FC4287585E700206732 /* FooterView.swift */ = {isa = PBXFileReference; lastKnownFileType = sourcecode.swift; path = FooterView.swift; sourceTree = "<group>"; };
		8F2B3FC928758EDC00206732 /* TrackDetailView.swift */ = {isa = PBXFileReference; lastKnownFileType = sourcecode.swift; path = TrackDetailView.swift; sourceTree = "<group>"; };
		8F2E6D62286F004D006B4777 /* SearchResponse.swift */ = {isa = PBXFileReference; lastKnownFileType = sourcecode.swift; path = SearchResponse.swift; sourceTree = "<group>"; };
		8F4649C7287733D2009B95ED /* Library.swift */ = {isa = PBXFileReference; fileEncoding = 4; lastKnownFileType = sourcecode.swift; path = Library.swift; sourceTree = "<group>"; };
		8F4649CC287739DB009B95ED /* UserDefaults.swift */ = {isa = PBXFileReference; lastKnownFileType = sourcecode.swift; path = UserDefaults.swift; sourceTree = "<group>"; };
		8F76870C286CE63B00CB082D /* MyMusic.app */ = {isa = PBXFileReference; explicitFileType = wrapper.application; includeInIndex = 0; path = MyMusic.app; sourceTree = BUILT_PRODUCTS_DIR; };
		8F76870F286CE63B00CB082D /* AppDelegate.swift */ = {isa = PBXFileReference; lastKnownFileType = sourcecode.swift; path = AppDelegate.swift; sourceTree = "<group>"; };
		8F768711286CE63B00CB082D /* SceneDelegate.swift */ = {isa = PBXFileReference; lastKnownFileType = sourcecode.swift; path = SceneDelegate.swift; sourceTree = "<group>"; };
		8F768713286CE63B00CB082D /* ViewController.swift */ = {isa = PBXFileReference; lastKnownFileType = sourcecode.swift; path = ViewController.swift; sourceTree = "<group>"; };
		8F768716286CE63B00CB082D /* Base */ = {isa = PBXFileReference; lastKnownFileType = file.storyboard; name = Base; path = Base.lproj/Main.storyboard; sourceTree = "<group>"; };
		8F768718286CE63D00CB082D /* Assets.xcassets */ = {isa = PBXFileReference; lastKnownFileType = folder.assetcatalog; path = Assets.xcassets; sourceTree = "<group>"; };
		8F76871B286CE63D00CB082D /* Base */ = {isa = PBXFileReference; lastKnownFileType = file.storyboard; name = Base; path = Base.lproj/LaunchScreen.storyboard; sourceTree = "<group>"; };
		8F76871D286CE63D00CB082D /* Info.plist */ = {isa = PBXFileReference; lastKnownFileType = text.plist.xml; path = Info.plist; sourceTree = "<group>"; };
		8F768723286CE7C600CB082D /* MainTabBarController.swift */ = {isa = PBXFileReference; lastKnownFileType = sourcecode.swift; path = MainTabBarController.swift; sourceTree = "<group>"; };
		8F768725286CEB0100CB082D /* SearchMusicViewController.swift */ = {isa = PBXFileReference; lastKnownFileType = sourcecode.swift; path = SearchMusicViewController.swift; sourceTree = "<group>"; };
		8FD04A5D2874B73300EC6481 /* NetworkService.swift */ = {isa = PBXFileReference; lastKnownFileType = sourcecode.swift; path = NetworkService.swift; sourceTree = "<group>"; };
		8FE1F93B2874C22700D6B295 /* SearchPresenter.swift */ = {isa = PBXFileReference; lastKnownFileType = sourcecode.swift; path = SearchPresenter.swift; sourceTree = "<group>"; };
		8FE1F93C2874C22700D6B295 /* SearchWorker.swift */ = {isa = PBXFileReference; lastKnownFileType = sourcecode.swift; path = SearchWorker.swift; sourceTree = "<group>"; };
		8FE1F93D2874C22700D6B295 /* SearchRouter.swift */ = {isa = PBXFileReference; lastKnownFileType = sourcecode.swift; path = SearchRouter.swift; sourceTree = "<group>"; };
		8FE1F93E2874C22700D6B295 /* SearchModels.swift */ = {isa = PBXFileReference; lastKnownFileType = sourcecode.swift; path = SearchModels.swift; sourceTree = "<group>"; };
		8FE1F93F2874C22700D6B295 /* SearchViewController.swift */ = {isa = PBXFileReference; lastKnownFileType = sourcecode.swift; path = SearchViewController.swift; sourceTree = "<group>"; };
		8FE1F9402874C22700D6B295 /* SearchInteractor.swift */ = {isa = PBXFileReference; lastKnownFileType = sourcecode.swift; path = SearchInteractor.swift; sourceTree = "<group>"; };
		8FE1F9492874C36F00D6B295 /* SearchViewController.storyboard */ = {isa = PBXFileReference; lastKnownFileType = file.storyboard; path = SearchViewController.storyboard; sourceTree = "<group>"; };
		8FE1F94B2874C67F00D6B295 /* UIViewController + Storyboard.swift */ = {isa = PBXFileReference; lastKnownFileType = sourcecode.swift; path = "UIViewController + Storyboard.swift"; sourceTree = "<group>"; };
		8FE1F94F2874D7FF00D6B295 /* TrackCell.xib */ = {isa = PBXFileReference; lastKnownFileType = file.xib; path = TrackCell.xib; sourceTree = "<group>"; };
		8FE1F9512874D82200D6B295 /* TrackCell.swift */ = {isa = PBXFileReference; lastKnownFileType = sourcecode.swift; path = TrackCell.swift; sourceTree = "<group>"; };
/* End PBXFileReference section */

/* Begin PBXFrameworksBuildPhase section */
		8F768709286CE63B00CB082D /* Frameworks */ = {
			isa = PBXFrameworksBuildPhase;
			buildActionMask = 2147483647;
			files = (
				8F2B3FC02875813700206732 /* SDWebImage in Frameworks */,
				8F2B3FC22875813700206732 /* SDWebImageMapKit in Frameworks */,
				8F4649CB28773425009B95ED /* URLImage in Frameworks */,
				8F2E6D61286EEB36006B4777 /* Alamofire in Frameworks */,
			);
			runOnlyForDeploymentPostprocessing = 0;
		};
/* End PBXFrameworksBuildPhase section */

/* Begin PBXGroup section */
		8F2B3FC3287585D500206732 /* FooterView */ = {
			isa = PBXGroup;
			children = (
				8F2B3FC4287585E700206732 /* FooterView.swift */,
			);
			path = FooterView;
			sourceTree = "<group>";
		};
		8F2B3FC628758EB800206732 /* TrackDetailView */ = {
			isa = PBXGroup;
			children = (
				8F0E4A8A2877200600FB46FB /* TrackDetailView.xib */,
				8F2B3FC928758EDC00206732 /* TrackDetailView.swift */,
			);
			path = TrackDetailView;
			sourceTree = "<group>";
		};
		8F768703286CE63B00CB082D = {
			isa = PBXGroup;
			children = (
				8F76870E286CE63B00CB082D /* MyMusic */,
				8F76870D286CE63B00CB082D /* Products */,
			);
			sourceTree = "<group>";
		};
		8F76870D286CE63B00CB082D /* Products */ = {
			isa = PBXGroup;
			children = (
				8F76870C286CE63B00CB082D /* MyMusic.app */,
			);
			name = Products;
			sourceTree = "<group>";
		};
		8F76870E286CE63B00CB082D /* MyMusic */ = {
			isa = PBXGroup;
			children = (
				8F4649C7287733D2009B95ED /* Library.swift */,
				8FE1F93A2874C18A00D6B295 /* Services */,
				8F84C1B22874C01C00A0563C /* Search */,
				8F768723286CE7C600CB082D /* MainTabBarController.swift */,
				8FE1F94D2874C69B00D6B295 /* Helpers */,
				8F768725286CEB0100CB082D /* SearchMusicViewController.swift */,
				8F76870F286CE63B00CB082D /* AppDelegate.swift */,
				8F768711286CE63B00CB082D /* SceneDelegate.swift */,
				8F768713286CE63B00CB082D /* ViewController.swift */,
				8F768715286CE63B00CB082D /* Main.storyboard */,
				8F768718286CE63D00CB082D /* Assets.xcassets */,
				8F76871A286CE63D00CB082D /* LaunchScreen.storyboard */,
				8F76871D286CE63D00CB082D /* Info.plist */,
			);
			path = MyMusic;
			sourceTree = "<group>";
		};
		8F84C1B22874C01C00A0563C /* Search */ = {
			isa = PBXGroup;
			children = (
				8F2B3FC628758EB800206732 /* TrackDetailView */,
				8F2B3FC3287585D500206732 /* FooterView */,
				8FE1F94E2874D7EC00D6B295 /* Cell */,
				8FE1F93B2874C22700D6B295 /* SearchPresenter.swift */,
				8FE1F93C2874C22700D6B295 /* SearchWorker.swift */,
				8FE1F93D2874C22700D6B295 /* SearchRouter.swift */,
				8FE1F93E2874C22700D6B295 /* SearchModels.swift */,
				8FE1F93F2874C22700D6B295 /* SearchViewController.swift */,
				8FE1F9492874C36F00D6B295 /* SearchViewController.storyboard */,
				8FE1F9402874C22700D6B295 /* SearchInteractor.swift */,
			);
			path = Search;
			sourceTree = "<group>";
		};
		8FE1F93A2874C18A00D6B295 /* Services */ = {
			isa = PBXGroup;
			children = (
				8FE1F9532874DF2F00D6B295 /* Models */,
				8FD04A5D2874B73300EC6481 /* NetworkService.swift */,
			);
			path = Services;
			sourceTree = "<group>";
		};
		8FE1F94D2874C69B00D6B295 /* Helpers */ = {
			isa = PBXGroup;
			children = (
				8FE1F94B2874C67F00D6B295 /* UIViewController + Storyboard.swift */,
				8F0E4A862876D20E00FB46FB /* CMTime + Extension.swift */,
				8F0E4A8828770B8C00FB46FB /* Nib.swift */,
			);
			path = Helpers;
			sourceTree = "<group>";
		};
		8FE1F94E2874D7EC00D6B295 /* Cell */ = {
			isa = PBXGroup;
			children = (
				8FE1F94F2874D7FF00D6B295 /* TrackCell.xib */,
				8FE1F9512874D82200D6B295 /* TrackCell.swift */,
				8F4649CC287739DB009B95ED /* UserDefaults.swift */,
			);
			path = Cell;
			sourceTree = "<group>";
		};
		8FE1F9532874DF2F00D6B295 /* Models */ = {
			isa = PBXGroup;
			children = (
				8F2E6D62286F004D006B4777 /* SearchResponse.swift */,
			);
			path = Models;
			sourceTree = "<group>";
		};
/* End PBXGroup section */

/* Begin PBXNativeTarget section */
		8F76870B286CE63B00CB082D /* MyMusic */ = {
			isa = PBXNativeTarget;
			buildConfigurationList = 8F768720286CE63D00CB082D /* Build configuration list for PBXNativeTarget "MyMusic" */;
			buildPhases = (
				8F768708286CE63B00CB082D /* Sources */,
				8F768709286CE63B00CB082D /* Frameworks */,
				8F76870A286CE63B00CB082D /* Resources */,
			);
			buildRules = (
			);
			dependencies = (
			);
			name = MyMusic;
			packageProductDependencies = (
				8F2E6D60286EEB36006B4777 /* Alamofire */,
				8F2B3FBF2875813700206732 /* SDWebImage */,
				8F2B3FC12875813700206732 /* SDWebImageMapKit */,
				8F4649CA28773425009B95ED /* URLImage */,
			);
			productName = MyMusic;
			productReference = 8F76870C286CE63B00CB082D /* MyMusic.app */;
			productType = "com.apple.product-type.application";
		};
/* End PBXNativeTarget section */

/* Begin PBXProject section */
		8F768704286CE63B00CB082D /* Project object */ = {
			isa = PBXProject;
			attributes = {
				BuildIndependentTargetsInParallel = 1;
				LastSwiftUpdateCheck = 1340;
				LastUpgradeCheck = 1340;
				TargetAttributes = {
					8F76870B286CE63B00CB082D = {
						CreatedOnToolsVersion = 13.4.1;
					};
				};
			};
			buildConfigurationList = 8F768707286CE63B00CB082D /* Build configuration list for PBXProject "MyMusic" */;
			compatibilityVersion = "Xcode 13.0";
			developmentRegion = en;
			hasScannedForEncodings = 0;
			knownRegions = (
				en,
				Base,
			);
			mainGroup = 8F768703286CE63B00CB082D;
			packageReferences = (
				8F2E6D5F286EEB36006B4777 /* XCRemoteSwiftPackageReference "Alamofire" */,
				8F2B3FBE2875813700206732 /* XCRemoteSwiftPackageReference "SDWebImage" */,
				8F4649C928773425009B95ED /* XCRemoteSwiftPackageReference "url-image" */,
			);
			productRefGroup = 8F76870D286CE63B00CB082D /* Products */;
			projectDirPath = "";
			projectRoot = "";
			targets = (
				8F76870B286CE63B00CB082D /* MyMusic */,
			);
		};
/* End PBXProject section */

/* Begin PBXResourcesBuildPhase section */
		8F76870A286CE63B00CB082D /* Resources */ = {
			isa = PBXResourcesBuildPhase;
			buildActionMask = 2147483647;
			files = (
				8F76871C286CE63D00CB082D /* LaunchScreen.storyboard in Resources */,
				8F0E4A8B2877200600FB46FB /* TrackDetailView.xib in Resources */,
				8FE1F9502874D7FF00D6B295 /* TrackCell.xib in Resources */,
				8F768719286CE63D00CB082D /* Assets.xcassets in Resources */,
				8FE1F94A2874C36F00D6B295 /* SearchViewController.storyboard in Resources */,
				8F768717286CE63B00CB082D /* Main.storyboard in Resources */,
			);
			runOnlyForDeploymentPostprocessing = 0;
		};
/* End PBXResourcesBuildPhase section */

/* Begin PBXSourcesBuildPhase section */
		8F768708286CE63B00CB082D /* Sources */ = {
			isa = PBXSourcesBuildPhase;
			buildActionMask = 2147483647;
			files = (
				8F768726286CEB0100CB082D /* SearchMusicViewController.swift in Sources */,
				8F768714286CE63B00CB082D /* ViewController.swift in Sources */,
				8F2E6D63286F004D006B4777 /* SearchResponse.swift in Sources */,
				8FE1F9472874C22700D6B295 /* SearchInteractor.swift in Sources */,
				8F768710286CE63B00CB082D /* AppDelegate.swift in Sources */,
				8F4649CD287739DB009B95ED /* UserDefaults.swift in Sources */,
				8F2B3FC5287585E700206732 /* FooterView.swift in Sources */,
				8F0E4A872876D20E00FB46FB /* CMTime + Extension.swift in Sources */,
				8FE1F9522874D82200D6B295 /* TrackCell.swift in Sources */,
				8F0E4A8928770B8C00FB46FB /* Nib.swift in Sources */,
				8F768724286CE7C600CB082D /* MainTabBarController.swift in Sources */,
				8FE1F9432874C22700D6B295 /* SearchWorker.swift in Sources */,
				8FE1F9462874C22700D6B295 /* SearchViewController.swift in Sources */,
				8FE1F9442874C22700D6B295 /* SearchRouter.swift in Sources */,
				8FE1F9452874C22700D6B295 /* SearchModels.swift in Sources */,
				8FE1F94C2874C67F00D6B295 /* UIViewController + Storyboard.swift in Sources */,
				8F768712286CE63B00CB082D /* SceneDelegate.swift in Sources */,
				8FE1F9422874C22700D6B295 /* SearchPresenter.swift in Sources */,
				8F4649C8287733D2009B95ED /* Library.swift in Sources */,
				8F2B3FCA28758EDC00206732 /* TrackDetailView.swift in Sources */,
				8FD04A5E2874B73300EC6481 /* NetworkService.swift in Sources */,
			);
			runOnlyForDeploymentPostprocessing = 0;
		};
/* End PBXSourcesBuildPhase section */

/* Begin PBXVariantGroup section */
		8F768715286CE63B00CB082D /* Main.storyboard */ = {
			isa = PBXVariantGroup;
			children = (
				8F768716286CE63B00CB082D /* Base */,
			);
			name = Main.storyboard;
			sourceTree = "<group>";
		};
		8F76871A286CE63D00CB082D /* LaunchScreen.storyboard */ = {
			isa = PBXVariantGroup;
			children = (
				8F76871B286CE63D00CB082D /* Base */,
			);
			name = LaunchScreen.storyboard;
			sourceTree = "<group>";
		};
/* End PBXVariantGroup section */

/* Begin XCBuildConfiguration section */
		8F76871E286CE63D00CB082D /* Debug */ = {
			isa = XCBuildConfiguration;
			buildSettings = {
				ALWAYS_SEARCH_USER_PATHS = NO;
				CLANG_ANALYZER_NONNULL = YES;
				CLANG_ANALYZER_NUMBER_OBJECT_CONVERSION = YES_AGGRESSIVE;
				CLANG_CXX_LANGUAGE_STANDARD = "gnu++17";
				CLANG_ENABLE_MODULES = YES;
				CLANG_ENABLE_OBJC_ARC = YES;
				CLANG_ENABLE_OBJC_WEAK = YES;
				CLANG_WARN_BLOCK_CAPTURE_AUTORELEASING = YES;
				CLANG_WARN_BOOL_CONVERSION = YES;
				CLANG_WARN_COMMA = YES;
				CLANG_WARN_CONSTANT_CONVERSION = YES;
				CLANG_WARN_DEPRECATED_OBJC_IMPLEMENTATIONS = YES;
				CLANG_WARN_DIRECT_OBJC_ISA_USAGE = YES_ERROR;
				CLANG_WARN_DOCUMENTATION_COMMENTS = YES;
				CLANG_WARN_EMPTY_BODY = YES;
				CLANG_WARN_ENUM_CONVERSION = YES;
				CLANG_WARN_INFINITE_RECURSION = YES;
				CLANG_WARN_INT_CONVERSION = YES;
				CLANG_WARN_NON_LITERAL_NULL_CONVERSION = YES;
				CLANG_WARN_OBJC_IMPLICIT_RETAIN_SELF = YES;
				CLANG_WARN_OBJC_LITERAL_CONVERSION = YES;
				CLANG_WARN_OBJC_ROOT_CLASS = YES_ERROR;
				CLANG_WARN_QUOTED_INCLUDE_IN_FRAMEWORK_HEADER = YES;
				CLANG_WARN_RANGE_LOOP_ANALYSIS = YES;
				CLANG_WARN_STRICT_PROTOTYPES = YES;
				CLANG_WARN_SUSPICIOUS_MOVE = YES;
				CLANG_WARN_UNGUARDED_AVAILABILITY = YES_AGGRESSIVE;
				CLANG_WARN_UNREACHABLE_CODE = YES;
				CLANG_WARN__DUPLICATE_METHOD_MATCH = YES;
				COPY_PHASE_STRIP = NO;
				DEBUG_INFORMATION_FORMAT = dwarf;
				ENABLE_STRICT_OBJC_MSGSEND = YES;
				ENABLE_TESTABILITY = YES;
				GCC_C_LANGUAGE_STANDARD = gnu11;
				GCC_DYNAMIC_NO_PIC = NO;
				GCC_NO_COMMON_BLOCKS = YES;
				GCC_OPTIMIZATION_LEVEL = 0;
				GCC_PREPROCESSOR_DEFINITIONS = (
					"DEBUG=1",
					"$(inherited)",
				);
				GCC_WARN_64_TO_32_BIT_CONVERSION = YES;
				GCC_WARN_ABOUT_RETURN_TYPE = YES_ERROR;
				GCC_WARN_UNDECLARED_SELECTOR = YES;
				GCC_WARN_UNINITIALIZED_AUTOS = YES_AGGRESSIVE;
				GCC_WARN_UNUSED_FUNCTION = YES;
				GCC_WARN_UNUSED_VARIABLE = YES;
				IPHONEOS_DEPLOYMENT_TARGET = 15.5;
				MTL_ENABLE_DEBUG_INFO = INCLUDE_SOURCE;
				MTL_FAST_MATH = YES;
				ONLY_ACTIVE_ARCH = YES;
				SDKROOT = iphoneos;
				SWIFT_ACTIVE_COMPILATION_CONDITIONS = DEBUG;
				SWIFT_OPTIMIZATION_LEVEL = "-Onone";
			};
			name = Debug;
		};
		8F76871F286CE63D00CB082D /* Release */ = {
			isa = XCBuildConfiguration;
			buildSettings = {
				ALWAYS_SEARCH_USER_PATHS = NO;
				CLANG_ANALYZER_NONNULL = YES;
				CLANG_ANALYZER_NUMBER_OBJECT_CONVERSION = YES_AGGRESSIVE;
				CLANG_CXX_LANGUAGE_STANDARD = "gnu++17";
				CLANG_ENABLE_MODULES = YES;
				CLANG_ENABLE_OBJC_ARC = YES;
				CLANG_ENABLE_OBJC_WEAK = YES;
				CLANG_WARN_BLOCK_CAPTURE_AUTORELEASING = YES;
				CLANG_WARN_BOOL_CONVERSION = YES;
				CLANG_WARN_COMMA = YES;
				CLANG_WARN_CONSTANT_CONVERSION = YES;
				CLANG_WARN_DEPRECATED_OBJC_IMPLEMENTATIONS = YES;
				CLANG_WARN_DIRECT_OBJC_ISA_USAGE = YES_ERROR;
				CLANG_WARN_DOCUMENTATION_COMMENTS = YES;
				CLANG_WARN_EMPTY_BODY = YES;
				CLANG_WARN_ENUM_CONVERSION = YES;
				CLANG_WARN_INFINITE_RECURSION = YES;
				CLANG_WARN_INT_CONVERSION = YES;
				CLANG_WARN_NON_LITERAL_NULL_CONVERSION = YES;
				CLANG_WARN_OBJC_IMPLICIT_RETAIN_SELF = YES;
				CLANG_WARN_OBJC_LITERAL_CONVERSION = YES;
				CLANG_WARN_OBJC_ROOT_CLASS = YES_ERROR;
				CLANG_WARN_QUOTED_INCLUDE_IN_FRAMEWORK_HEADER = YES;
				CLANG_WARN_RANGE_LOOP_ANALYSIS = YES;
				CLANG_WARN_STRICT_PROTOTYPES = YES;
				CLANG_WARN_SUSPICIOUS_MOVE = YES;
				CLANG_WARN_UNGUARDED_AVAILABILITY = YES_AGGRESSIVE;
				CLANG_WARN_UNREACHABLE_CODE = YES;
				CLANG_WARN__DUPLICATE_METHOD_MATCH = YES;
				COPY_PHASE_STRIP = NO;
				DEBUG_INFORMATION_FORMAT = "dwarf-with-dsym";
				ENABLE_NS_ASSERTIONS = NO;
				ENABLE_STRICT_OBJC_MSGSEND = YES;
				GCC_C_LANGUAGE_STANDARD = gnu11;
				GCC_NO_COMMON_BLOCKS = YES;
				GCC_WARN_64_TO_32_BIT_CONVERSION = YES;
				GCC_WARN_ABOUT_RETURN_TYPE = YES_ERROR;
				GCC_WARN_UNDECLARED_SELECTOR = YES;
				GCC_WARN_UNINITIALIZED_AUTOS = YES_AGGRESSIVE;
				GCC_WARN_UNUSED_FUNCTION = YES;
				GCC_WARN_UNUSED_VARIABLE = YES;
				IPHONEOS_DEPLOYMENT_TARGET = 15.5;
				MTL_ENABLE_DEBUG_INFO = NO;
				MTL_FAST_MATH = YES;
				SDKROOT = iphoneos;
				SWIFT_COMPILATION_MODE = wholemodule;
				SWIFT_OPTIMIZATION_LEVEL = "-O";
				VALIDATE_PRODUCT = YES;
			};
			name = Release;
		};
		8F768721286CE63D00CB082D /* Debug */ = {
			isa = XCBuildConfiguration;
			buildSettings = {
				ASSETCATALOG_COMPILER_APPICON_NAME = AppIcon;
				ASSETCATALOG_COMPILER_GLOBAL_ACCENT_COLOR_NAME = AccentColor;
				CODE_SIGN_STYLE = Automatic;
				CURRENT_PROJECT_VERSION = 1;
				DEVELOPMENT_TEAM = S4DZ78NDY2;
				GENERATE_INFOPLIST_FILE = YES;
				INFOPLIST_FILE = MyMusic/Info.plist;
				INFOPLIST_KEY_UIApplicationSupportsIndirectInputEvents = YES;
				INFOPLIST_KEY_UILaunchStoryboardName = LaunchScreen;
				INFOPLIST_KEY_UIMainStoryboardFile = Main;
				INFOPLIST_KEY_UISupportedInterfaceOrientations = "UIInterfaceOrientationPortrait UIInterfaceOrientationLandscapeLeft UIInterfaceOrientationLandscapeRight";
				INFOPLIST_KEY_UISupportedInterfaceOrientations_iPad = "UIInterfaceOrientationPortrait UIInterfaceOrientationPortraitUpsideDown UIInterfaceOrientationLandscapeLeft UIInterfaceOrientationLandscapeRight";
				INFOPLIST_KEY_UISupportedInterfaceOrientations_iPhone = "UIInterfaceOrientationPortrait UIInterfaceOrientationLandscapeLeft UIInterfaceOrientationLandscapeRight";
				LD_RUNPATH_SEARCH_PATHS = (
					"$(inherited)",
					"@executable_path/Frameworks",
				);
				MARKETING_VERSION = 1.0;
				PRODUCT_BUNDLE_IDENTIFIER = PislyakovD.MyMusic;
				PRODUCT_NAME = "$(TARGET_NAME)";
				SWIFT_EMIT_LOC_STRINGS = YES;
				SWIFT_VERSION = 5.0;
				TARGETED_DEVICE_FAMILY = "1,2";
			};
			name = Debug;
		};
		8F768722286CE63D00CB082D /* Release */ = {
			isa = XCBuildConfiguration;
			buildSettings = {
				ASSETCATALOG_COMPILER_APPICON_NAME = AppIcon;
				ASSETCATALOG_COMPILER_GLOBAL_ACCENT_COLOR_NAME = AccentColor;
				CODE_SIGN_STYLE = Automatic;
				CURRENT_PROJECT_VERSION = 1;
				DEVELOPMENT_TEAM = S4DZ78NDY2;
				GENERATE_INFOPLIST_FILE = YES;
				INFOPLIST_FILE = MyMusic/Info.plist;
				INFOPLIST_KEY_UIApplicationSupportsIndirectInputEvents = YES;
				INFOPLIST_KEY_UILaunchStoryboardName = LaunchScreen;
				INFOPLIST_KEY_UIMainStoryboardFile = Main;
				INFOPLIST_KEY_UISupportedInterfaceOrientations = "UIInterfaceOrientationPortrait UIInterfaceOrientationLandscapeLeft UIInterfaceOrientationLandscapeRight";
				INFOPLIST_KEY_UISupportedInterfaceOrientations_iPad = "UIInterfaceOrientationPortrait UIInterfaceOrientationPortraitUpsideDown UIInterfaceOrientationLandscapeLeft UIInterfaceOrientationLandscapeRight";
				INFOPLIST_KEY_UISupportedInterfaceOrientations_iPhone = "UIInterfaceOrientationPortrait UIInterfaceOrientationLandscapeLeft UIInterfaceOrientationLandscapeRight";
				LD_RUNPATH_SEARCH_PATHS = (
					"$(inherited)",
					"@executable_path/Frameworks",
				);
				MARKETING_VERSION = 1.0;
				PRODUCT_BUNDLE_IDENTIFIER = PislyakovD.MyMusic;
				PRODUCT_NAME = "$(TARGET_NAME)";
				SWIFT_EMIT_LOC_STRINGS = YES;
				SWIFT_VERSION = 5.0;
				TARGETED_DEVICE_FAMILY = "1,2";
			};
			name = Release;
		};
/* End XCBuildConfiguration section */

/* Begin XCConfigurationList section */
		8F768707286CE63B00CB082D /* Build configuration list for PBXProject "MyMusic" */ = {
			isa = XCConfigurationList;
			buildConfigurations = (
				8F76871E286CE63D00CB082D /* Debug */,
				8F76871F286CE63D00CB082D /* Release */,
			);
			defaultConfigurationIsVisible = 0;
			defaultConfigurationName = Release;
		};
		8F768720286CE63D00CB082D /* Build configuration list for PBXNativeTarget "MyMusic" */ = {
			isa = XCConfigurationList;
			buildConfigurations = (
				8F768721286CE63D00CB082D /* Debug */,
				8F768722286CE63D00CB082D /* Release */,
			);
			defaultConfigurationIsVisible = 0;
			defaultConfigurationName = Release;
		};
/* End XCConfigurationList section */

/* Begin XCRemoteSwiftPackageReference section */
		8F2B3FBE2875813700206732 /* XCRemoteSwiftPackageReference "SDWebImage" */ = {
			isa = XCRemoteSwiftPackageReference;
			repositoryURL = "https://github.com/SDWebImage/SDWebImage.git";
			requirement = {
				kind = upToNextMajorVersion;
				minimumVersion = 5.0.0;
			};
		};
		8F2E6D5F286EEB36006B4777 /* XCRemoteSwiftPackageReference "Alamofire" */ = {
			isa = XCRemoteSwiftPackageReference;
			repositoryURL = "https://github.com/Alamofire/Alamofire.git";
			requirement = {
				kind = upToNextMajorVersion;
				minimumVersion = 5.0.0;
			};
		};
		8F4649C928773425009B95ED /* XCRemoteSwiftPackageReference "url-image" */ = {
			isa = XCRemoteSwiftPackageReference;
			repositoryURL = "https://github.com/dmytro-anokhin/url-image";
			requirement = {
				kind = upToNextMajorVersion;
				minimumVersion = 3.0.0;
			};
		};
/* End XCRemoteSwiftPackageReference section */

/* Begin XCSwiftPackageProductDependency section */
		8F2B3FBF2875813700206732 /* SDWebImage */ = {
			isa = XCSwiftPackageProductDependency;
			package = 8F2B3FBE2875813700206732 /* XCRemoteSwiftPackageReference "SDWebImage" */;
			productName = SDWebImage;
		};
		8F2B3FC12875813700206732 /* SDWebImageMapKit */ = {
			isa = XCSwiftPackageProductDependency;
			package = 8F2B3FBE2875813700206732 /* XCRemoteSwiftPackageReference "SDWebImage" */;
			productName = SDWebImageMapKit;
		};
		8F2E6D60286EEB36006B4777 /* Alamofire */ = {
			isa = XCSwiftPackageProductDependency;
			package = 8F2E6D5F286EEB36006B4777 /* XCRemoteSwiftPackageReference "Alamofire" */;
			productName = Alamofire;
		};
		8F4649CA28773425009B95ED /* URLImage */ = {
			isa = XCSwiftPackageProductDependency;
			package = 8F4649C928773425009B95ED /* XCRemoteSwiftPackageReference "url-image" */;
			productName = URLImage;
		};
/* End XCSwiftPackageProductDependency section */
	};
	rootObject = 8F768704286CE63B00CB082D /* Project object */;
}
